
Microsoft Visual Studio Solution File, Format Version 12.00
# Visual Studio Version 17
VisualStudioVersion = 17.0.31903.59
MinimumVisualStudioVersion = 10.0.40219.1
Project("{2150E333-8FDC-42A3-9474-1A3956D46DE8}") = "src", "src", "{827E0CD3-B72D-47B6-A68D-7590B98EB39B}"
EndProject
Project("{FAE04EC0-301F-11D3-BF4B-00C04F79EFBC}") = "VolunteerHub.Domain", "src\VolunteerHub.Domain\VolunteerHub.Domain.csproj", "{928F9EFE-0F53-4F47-B906-07A050C1D2D8}"
EndProject
Project("{FAE04EC0-301F-11D3-BF4B-00C04F79EFBC}") = "VolunteerHub.Application", "src\VolunteerHub.Application\VolunteerHub.Application.csproj", "{D9F1E2B2-3740-4503-9A9E-14FBACB5E802}"
EndProject
Project("{FAE04EC0-301F-11D3-BF4B-00C04F79EFBC}") = "VolunteerHub.Infrastructure", "src\VolunteerHub.Infrastructure\VolunteerHub.Infrastructure.csproj", "{3992FFC3-BB40-48C9-9F42-734A46132D95}"
EndProject
Project("{FAE04EC0-301F-11D3-BF4B-00C04F79EFBC}") = "VolunteerHub.Shared", "src\VolunteerHub.Shared\VolunteerHub.Shared.csproj", "{F9F0BC6E-54F7-4360-9C8E-FA533D300BBA}"
EndProject
Project("{FAE04EC0-301F-11D3-BF4B-00C04F79EFBC}") = "VolunteerHub.API", "src\VolunteerHub.API\VolunteerHub.API.csproj", "{E9888D04-A3E6-46DB-903A-0F64D2FF97FF}"
EndProject
Project("{FAE04EC0-301F-11D3-BF4B-00C04F79EFBC}") = "VolunteerHub.Worker", "src\VolunteerHub.Worker\VolunteerHub.Worker.csproj", "{AD3BD01E-8560-451B-AE10-E87E016A432F}"
EndProject
Global
	GlobalSection(SolutionConfigurationPlatforms) = preSolution
		Debug|Any CPU = Debug|Any CPU
		Debug|x64 = Debug|x64
		Debug|x86 = Debug|x86
		Release|Any CPU = Release|Any CPU
		Release|x64 = Release|x64
		Release|x86 = Release|x86
	EndGlobalSection
	GlobalSection(ProjectConfigurationPlatforms) = postSolution
		{928F9EFE-0F53-4F47-B906-07A050C1D2D8}.Debug|Any CPU.ActiveCfg = Debug|Any CPU
		{928F9EFE-0F53-4F47-B906-07A050C1D2D8}.Debug|Any CPU.Build.0 = Debug|Any CPU
		{928F9EFE-0F53-4F47-B906-07A050C1D2D8}.Debug|x64.ActiveCfg = Debug|Any CPU
		{928F9EFE-0F53-4F47-B906-07A050C1D2D8}.Debug|x64.Build.0 = Debug|Any CPU
		{928F9EFE-0F53-4F47-B906-07A050C1D2D8}.Debug|x86.ActiveCfg = Debug|Any CPU
		{928F9EFE-0F53-4F47-B906-07A050C1D2D8}.Debug|x86.Build.0 = Debug|Any CPU
		{928F9EFE-0F53-4F47-B906-07A050C1D2D8}.Release|Any CPU.ActiveCfg = Release|Any CPU
		{928F9EFE-0F53-4F47-B906-07A050C1D2D8}.Release|Any CPU.Build.0 = Release|Any CPU
		{928F9EFE-0F53-4F47-B906-07A050C1D2D8}.Release|x64.ActiveCfg = Release|Any CPU
		{928F9EFE-0F53-4F47-B906-07A050C1D2D8}.Release|x64.Build.0 = Release|Any CPU
		{928F9EFE-0F53-4F47-B906-07A050C1D2D8}.Release|x86.ActiveCfg = Release|Any CPU
		{928F9EFE-0F53-4F47-B906-07A050C1D2D8}.Release|x86.Build.0 = Release|Any CPU
		{D9F1E2B2-3740-4503-9A9E-14FBACB5E802}.Debug|Any CPU.ActiveCfg = Debug|Any CPU
		{D9F1E2B2-3740-4503-9A9E-14FBACB5E802}.Debug|Any CPU.Build.0 = Debug|Any CPU
		{D9F1E2B2-3740-4503-9A9E-14FBACB5E802}.Debug|x64.ActiveCfg = Debug|Any CPU
		{D9F1E2B2-3740-4503-9A9E-14FBACB5E802}.Debug|x64.Build.0 = Debug|Any CPU
		{D9F1E2B2-3740-4503-9A9E-14FBACB5E802}.Debug|x86.ActiveCfg = Debug|Any CPU
		{D9F1E2B2-3740-4503-9A9E-14FBACB5E802}.Debug|x86.Build.0 = Debug|Any CPU
		{D9F1E2B2-3740-4503-9A9E-14FBACB5E802}.Release|Any CPU.ActiveCfg = Release|Any CPU
		{D9F1E2B2-3740-4503-9A9E-14FBACB5E802}.Release|Any CPU.Build.0 = Release|Any CPU
		{D9F1E2B2-3740-4503-9A9E-14FBACB5E802}.Release|x64.ActiveCfg = Release|Any CPU
		{D9F1E2B2-3740-4503-9A9E-14FBACB5E802}.Release|x64.Build.0 = Release|Any CPU
		{D9F1E2B2-3740-4503-9A9E-14FBACB5E802}.Release|x86.ActiveCfg = Release|Any CPU
		{D9F1E2B2-3740-4503-9A9E-14FBACB5E802}.Release|x86.Build.0 = Release|Any CPU
		{3992FFC3-BB40-48C9-9F42-734A46132D95}.Debug|Any CPU.ActiveCfg = Debug|Any CPU
		{3992FFC3-BB40-48C9-9F42-734A46132D95}.Debug|Any CPU.Build.0 = Debug|Any CPU
		{3992FFC3-BB40-48C9-9F42-734A46132D95}.Debug|x64.ActiveCfg = Debug|Any CPU
		{3992FFC3-BB40-48C9-9F42-734A46132D95}.Debug|x64.Build.0 = Debug|Any CPU
		{3992FFC3-BB40-48C9-9F42-734A46132D95}.Debug|x86.ActiveCfg = Debug|Any CPU
		{3992FFC3-BB40-48C9-9F42-734A46132D95}.Debug|x86.Build.0 = Debug|Any CPU
		{3992FFC3-BB40-48C9-9F42-734A46132D95}.Release|Any CPU.ActiveCfg = Release|Any CPU
		{3992FFC3-BB40-48C9-9F42-734A46132D95}.Release|Any CPU.Build.0 = Release|Any CPU
		{3992FFC3-BB40-48C9-9F42-734A46132D95}.Release|x64.ActiveCfg = Release|Any CPU
		{3992FFC3-BB40-48C9-9F42-734A46132D95}.Release|x64.Build.0 = Release|Any CPU
		{3992FFC3-BB40-48C9-9F42-734A46132D95}.Release|x86.ActiveCfg = Release|Any CPU
		{3992FFC3-BB40-48C9-9F42-734A46132D95}.Release|x86.Build.0 = Release|Any CPU
		{F9F0BC6E-54F7-4360-9C8E-FA533D300BBA}.Debug|Any CPU.ActiveCfg = Debug|Any CPU
		{F9F0BC6E-54F7-4360-9C8E-FA533D300BBA}.Debug|Any CPU.Build.0 = Debug|Any CPU
		{F9F0BC6E-54F7-4360-9C8E-FA533D300BBA}.Debug|x64.ActiveCfg = Debug|Any CPU
		{F9F0BC6E-54F7-4360-9C8E-FA533D300BBA}.Debug|x64.Build.0 = Debug|Any CPU
		{F9F0BC6E-54F7-4360-9C8E-FA533D300BBA}.Debug|x86.ActiveCfg = Debug|Any CPU
		{F9F0BC6E-54F7-4360-9C8E-FA533D300BBA}.Debug|x86.Build.0 = Debug|Any CPU
		{F9F0BC6E-54F7-4360-9C8E-FA533D300BBA}.Release|Any CPU.ActiveCfg = Release|Any CPU
		{F9F0BC6E-54F7-4360-9C8E-FA533D300BBA}.Release|Any CPU.Build.0 = Release|Any CPU
		{F9F0BC6E-54F7-4360-9C8E-FA533D300BBA}.Release|x64.ActiveCfg = Release|Any CPU
		{F9F0BC6E-54F7-4360-9C8E-FA533D300BBA}.Release|x64.Build.0 = Release|Any CPU
		{F9F0BC6E-54F7-4360-9C8E-FA533D300BBA}.Release|x86.ActiveCfg = Release|Any CPU
		{F9F0BC6E-54F7-4360-9C8E-FA533D300BBA}.Release|x86.Build.0 = Release|Any CPU
		{E9888D04-A3E6-46DB-903A-0F64D2FF97FF}.Debug|Any CPU.ActiveCfg = Debug|Any CPU
		{E9888D04-A3E6-46DB-903A-0F64D2FF97FF}.Debug|Any CPU.Build.0 = Debug|Any CPU
		{E9888D04-A3E6-46DB-903A-0F64D2FF97FF}.Debug|x64.ActiveCfg = Debug|Any CPU
		{E9888D04-A3E6-46DB-903A-0F64D2FF97FF}.Debug|x64.Build.0 = Debug|Any CPU
		{E9888D04-A3E6-46DB-903A-0F64D2FF97FF}.Debug|x86.ActiveCfg = Debug|Any CPU
		{E9888D04-A3E6-46DB-903A-0F64D2FF97FF}.Debug|x86.Build.0 = Debug|Any CPU
		{E9888D04-A3E6-46DB-903A-0F64D2FF97FF}.Release|Any CPU.ActiveCfg = Release|Any CPU
		{E9888D04-A3E6-46DB-903A-0F64D2FF97FF}.Release|Any CPU.Build.0 = Release|Any CPU
		{E9888D04-A3E6-46DB-903A-0F64D2FF97FF}.Release|x64.ActiveCfg = Release|Any CPU
		{E9888D04-A3E6-46DB-903A-0F64D2FF97FF}.Release|x64.Build.0 = Release|Any CPU
		{E9888D04-A3E6-46DB-903A-0F64D2FF97FF}.Release|x86.ActiveCfg = Release|Any CPU
		{E9888D04-A3E6-46DB-903A-0F64D2FF97FF}.Release|x86.Build.0 = Release|Any CPU
		{AD3BD01E-8560-451B-AE10-E87E016A432F}.Debug|Any CPU.ActiveCfg = Debug|Any CPU
		{AD3BD01E-8560-451B-AE10-E87E016A432F}.Debug|Any CPU.Build.0 = Debug|Any CPU
		{AD3BD01E-8560-451B-AE10-E87E016A432F}.Debug|x64.ActiveCfg = Debug|Any CPU
		{AD3BD01E-8560-451B-AE10-E87E016A432F}.Debug|x64.Build.0 = Debug|Any CPU
		{AD3BD01E-8560-451B-AE10-E87E016A432F}.Debug|x86.ActiveCfg = Debug|Any CPU
		{AD3BD01E-8560-451B-AE10-E87E016A432F}.Debug|x86.Build.0 = Debug|Any CPU
		{AD3BD01E-8560-451B-AE10-E87E016A432F}.Release|Any CPU.ActiveCfg = Release|Any CPU
		{AD3BD01E-8560-451B-AE10-E87E016A432F}.Release|Any CPU.Build.0 = Release|Any CPU
		{AD3BD01E-8560-451B-AE10-E87E016A432F}.Release|x64.ActiveCfg = Release|Any CPU
		{AD3BD01E-8560-451B-AE10-E87E016A432F}.Release|x64.Build.0 = Release|Any CPU
		{AD3BD01E-8560-451B-AE10-E87E016A432F}.Release|x86.ActiveCfg = Release|Any CPU
		{AD3BD01E-8560-451B-AE10-E87E016A432F}.Release|x86.Build.0 = Release|Any CPU
	EndGlobalSection
	GlobalSection(SolutionProperties) = preSolution
		HideSolutionNode = FALSE
	EndGlobalSection
	GlobalSection(NestedProjects) = preSolution
		{928F9EFE-0F53-4F47-B906-07A050C1D2D8} = {827E0CD3-B72D-47B6-A68D-7590B98EB39B}
		{D9F1E2B2-3740-4503-9A9E-14FBACB5E802} = {827E0CD3-B72D-47B6-A68D-7590B98EB39B}
		{3992FFC3-BB40-48C9-9F42-734A46132D95} = {827E0CD3-B72D-47B6-A68D-7590B98EB39B}
		{F9F0BC6E-54F7-4360-9C8E-FA533D300BBA} = {827E0CD3-B72D-47B6-A68D-7590B98EB39B}
		{E9888D04-A3E6-46DB-903A-0F64D2FF97FF} = {827E0CD3-B72D-47B6-A68D-7590B98EB39B}
		{AD3BD01E-8560-451B-AE10-E87E016A432F} = {827E0CD3-B72D-47B6-A68D-7590B98EB39B}
	EndGlobalSection
EndGlobal
